Microsoft Visual Studio Solution File, Format Version 12.00
# Visual Studio Version 17
VisualStudioVersion = 17.5.2.0
MinimumVisualStudioVersion = 10.0.40219.1
Project("{FAE04EC0-301F-11D3-BF4B-00C04F79EFBC}") = "Sender", "Sender.csproj", "{83D33747-EDDE-D257-002F-8E1859ADDC17}"
EndProject
Global
	GlobalSection(SolutionConfigurationPlatforms) = preSolution
		Debug|Any CPU = Debug|Any CPU
		Release|Any CPU = Release|Any CPU
	EndGlobalSection
	GlobalSection(ProjectConfigurationPlatforms) = postSolution
		{83D33747-EDDE-D257-002F-8E1859ADDC17}.Debug|Any CPU.ActiveCfg = Debug|Any CPU
		{83D33747-EDDE-D257-002F-8E1859ADDC17}.Debug|Any CPU.Build.0 = Debug|Any CPU
		{83D33747-EDDE-D257-002F-8E1859ADDC17}.Release|Any CPU.ActiveCfg = Release|Any CPU
		{83D33747-EDDE-D257-002F-8E1859ADDC17}.Release|Any CPU.Build.0 = Release|Any CPU
	EndGlobalSection
	GlobalSection(SolutionProperties) = preSolution
		HideSolutionNode = FALSE
	EndGlobalSection
	GlobalSection(ExtensibilityGlobals) = postSolution
		SolutionGuid = {B180379B-7C57-494C-AA03-FC97829AE113}
	EndGlobalSection
EndGlobal
